
Microsoft Visual Studio Solution File, Format Version 12.00
# Visual Studio Version 16
VisualStudioVersion = 16.0.29519.181
MinimumVisualStudioVersion = 10.0.40219.1
Project("{FAE04EC0-301F-11D3-BF4B-00C04F79EFBC}") = "838PET", "838PET\838PET.csproj", "{72C02132-75AD-4532-A9A8-285104053064}"
EndProject
Global
	GlobalSection(SolutionConfigurationPlatforms) = preSolution
		Debug|Any CPU = Debug|Any CPU
		Release|Any CPU = Release|Any CPU
	EndGlobalSection
	GlobalSection(ProjectConfigurationPlatforms) = postSolution
		{72C02132-75AD-4532-A9A8-285104053064}.Debug|Any CPU.ActiveCfg = Debug|Any CPU
		{72C02132-75AD-4532-A9A8-285104053064}.Debug|Any CPU.Build.0 = Debug|Any CPU
		{72C02132-75AD-4532-A9A8-285104053064}.Release|Any CPU.ActiveCfg = Release|Any CPU
		{72C02132-75AD-4532-A9A8-285104053064}.Release|Any CPU.Build.0 = Release|Any CPU
	EndGlobalSection
	GlobalSection(SolutionProperties) = preSolution
		HideSolutionNode = FALSE
	EndGlobalSection
	GlobalSection(ExtensibilityGlobals) = postSolution
		SolutionGuid = {DB507B40-640D-40C8-A0C3-30E363BDF969}
	EndGlobalSection
EndGlobal
